
Microsoft Visual Studio Solution File, Format Version 12.00
# Visual Studio Version 17
VisualStudioVersion = 17.9.34701.34
MinimumVisualStudioVersion = 10.0.40219.1
Project("{FAE04EC0-301F-11D3-BF4B-00C04F79EFBC}") = "EstateEaseMAUI", "EstateEaseMAUI.csproj", "{0BEF45BC-134A-4A06-ABCE-479876DE028E}"
EndProject
Global
	GlobalSection(SolutionConfigurationPlatforms) = preSolution
		Debug|Any CPU = Debug|Any CPU
		Release|Any CPU = Release|Any CPU
	EndGlobalSection
	GlobalSection(ProjectConfigurationPlatforms) = postSolution
		{0BEF45BC-134A-4A06-ABCE-479876DE028E}.Debug|Any CPU.ActiveCfg = Debug|Any CPU
		{0BEF45BC-134A-4A06-ABCE-479876DE028E}.Debug|Any CPU.Build.0 = Debug|Any CPU
		{0BEF45BC-134A-4A06-ABCE-479876DE028E}.Debug|Any CPU.Deploy.0 = Debug|Any CPU
		{0BEF45BC-134A-4A06-ABCE-479876DE028E}.Release|Any CPU.ActiveCfg = Release|Any CPU
		{0BEF45BC-134A-4A06-ABCE-479876DE028E}.Release|Any CPU.Build.0 = Release|Any CPU
		{0BEF45BC-134A-4A06-ABCE-479876DE028E}.Release|Any CPU.Deploy.0 = Release|Any CPU
	EndGlobalSection
	GlobalSection(SolutionProperties) = preSolution
		HideSolutionNode = FALSE
	EndGlobalSection
	GlobalSection(ExtensibilityGlobals) = postSolution
		SolutionGuid = {6B823DDD-F62C-465F-9556-6EEDB7D55D99}
	EndGlobalSection
EndGlobal
